
Microsoft Visual Studio Solution File, Format Version 12.00
# Visual Studio 2012
Project("{FAE04EC0-301F-11D3-BF4B-00C04F79EFBC}") = "EvaluateString", "EvaluateString\EvaluateString.csproj", "{145AC4CD-D1FD-48DA-9D5D-160C2C6740D2}"
EndProject
Global
	GlobalSection(SolutionConfigurationPlatforms) = preSolution
		Debug|Any CPU = Debug|Any CPU
		Release|Any CPU = Release|Any CPU
	EndGlobalSection
	GlobalSection(ProjectConfigurationPlatforms) = postSolution
		{145AC4CD-D1FD-48DA-9D5D-160C2C6740D2}.Debug|Any CPU.ActiveCfg = Debug|Any CPU
		{145AC4CD-D1FD-48DA-9D5D-160C2C6740D2}.Debug|Any CPU.Build.0 = Debug|Any CPU
		{145AC4CD-D1FD-48DA-9D5D-160C2C6740D2}.Release|Any CPU.ActiveCfg = Release|Any CPU
		{145AC4CD-D1FD-48DA-9D5D-160C2C6740D2}.Release|Any CPU.Build.0 = Release|Any CPU
	EndGlobalSection
	GlobalSection(SolutionProperties) = preSolution
		HideSolutionNode = FALSE
	EndGlobalSection
EndGlobal
